
Microsoft Visual Studio Solution File, Format Version 12.00
# Visual Studio Version 17
VisualStudioVersion = 17.8.34330.188
MinimumVisualStudioVersion = 10.0.40219.1
Project("{FAE04EC0-301F-11D3-BF4B-00C04F79EFBC}") = "SGU", "SGU\SGU.csproj", "{518BA2F8-9A88-40AA-B98A-D3D405943D4D}"
EndProject
Global
	GlobalSection(SolutionConfigurationPlatforms) = preSolution
		Debug|Any CPU = Debug|Any CPU
		Release|Any CPU = Release|Any CPU
	EndGlobalSection
	GlobalSection(ProjectConfigurationPlatforms) = postSolution
		{518BA2F8-9A88-40AA-B98A-D3D405943D4D}.Debug|Any CPU.ActiveCfg = Debug|Any CPU
		{518BA2F8-9A88-40AA-B98A-D3D405943D4D}.Debug|Any CPU.Build.0 = Debug|Any CPU
		{518BA2F8-9A88-40AA-B98A-D3D405943D4D}.Release|Any CPU.ActiveCfg = Release|Any CPU
		{518BA2F8-9A88-40AA-B98A-D3D405943D4D}.Release|Any CPU.Build.0 = Release|Any CPU
	EndGlobalSection
	GlobalSection(SolutionProperties) = preSolution
		HideSolutionNode = FALSE
	EndGlobalSection
	GlobalSection(ExtensibilityGlobals) = postSolution
		SolutionGuid = {14A3D312-B193-465F-9BB2-80881F5CEEEA}
	EndGlobalSection
EndGlobal
